<?xml version="1.0" encoding="UTF-8" standalone="yes" ?>
<CodeBlocks_project_file>
	<FileVersion major="1" minor="6" />
	<Project>
		<Option title="supremacia" />
		<Option pch_mode="2" />
		<Option compiler="gcc" />
		<Build>
			<Target title="Debug">
				<Option output="bin/Debug/supremacia" prefix_auto="1" extension_auto="1" />
				<Option object_output="obj/Debug/" />
				<Option type="1" />
				<Option compiler="gcc" />
				<Compiler>
					<Add option="-std=c++11" />
					<Add option="-g" />
					<Add directory="SFML-2.5.0/include" />
				</Compiler>
				<Linker>
					<Add library="sfml-graphics" />
					<Add library="sfml-window" />
					<Add library="sfml-system" />
					<Add library="sfml-audio" />
					<Add directory="SFML-2.5.0/lib" />
				</Linker>
			</Target>
			<Target title="Release">
				<Option output="bin/Release/supremacia" prefix_auto="1" extension_auto="1" />
				<Option object_output="obj/Release/" />
				<Option type="1" />
				<Option compiler="gcc" />
				<Compiler>
					<Add option="-O2" />
					<Add option="-std=c++11" />
					<Add directory="SFML-2.5.0/include" />
				</Compiler>
				<Linker>
					<Add option="-s" />
					<Add library="sfml-graphics" />
					<Add library="sfml-window" />
					<Add library="sfml-system" />
					<Add directory="SFML-2.5.0/lib" />
				</Linker>
			</Target>
		</Build>
		<Compiler>
			<Add option="-Wall" />
			<Add option="-std=c++11" />
			<Add option="-fexceptions" />
			<Add directory="SFML-2.5.0/include" />
		</Compiler>
		<Linker>
			<Add library="sfml-graphics" />
			<Add library="sfml-window" />
			<Add library="sfml-system" />
			<Add directory="SFML-2.5.0/lib" />
		</Linker>
		<Unit filename="include/button.hpp" />
		<Unit filename="include/cavaleiro.hpp" />
		<Unit filename="include/civilizacoes.hpp" />
		<Unit filename="include/exercito.hpp" />
		<Unit filename="include/global.hpp" />
		<Unit filename="include/guerreiro.hpp" />
		<Unit filename="include/heroi.hpp" />
		<Unit filename="include/menu.hpp" />
		<Unit filename="include/soldado.hpp" />
		<Unit filename="include/territorio.hpp" />
		<Unit filename="src/Exercito.cpp" />
		<Unit filename="src/button.cpp" />
		<Unit filename="src/cavaleiro.cpp" />
		<Unit filename="src/civilizacoes.cpp" />
		<Unit filename="src/funcoes.cpp" />
		<Unit filename="src/guerreiro.cpp" />
		<Unit filename="src/heroi.cpp" />
		<Unit filename="src/main.cpp" />
		<Unit filename="src/menu.cpp" />
		<Unit filename="src/territorio.cpp" />
		<Extensions>
			<code_completion />
			<envvars />
			<debugger />
			<lib_finder disable_auto="1" />
		</Extensions>
	</Project>
</CodeBlocks_project_file>
